
Microsoft Visual Studio Solution File, Format Version 11.00
# Visual Studio 2010
Project("{8BC9CEB8-8B4A-11D0-8D11-00A0C91BC942}") = "ExGangWars", "ExGangWars\ExGangWars.vcxproj", "{055BEE7D-2A1E-45AE-B3D9-AFD4DB187599}"
EndProject
Global
	GlobalSection(SolutionConfigurationPlatforms) = preSolution
		Debug|Win32 = Debug|Win32
		Release|Win32 = Release|Win32
	EndGlobalSection
	GlobalSection(ProjectConfigurationPlatforms) = postSolution
		{055BEE7D-2A1E-45AE-B3D9-AFD4DB187599}.Debug|Win32.ActiveCfg = Debug|Win32
		{055BEE7D-2A1E-45AE-B3D9-AFD4DB187599}.Debug|Win32.Build.0 = Debug|Win32
		{055BEE7D-2A1E-45AE-B3D9-AFD4DB187599}.Release|Win32.ActiveCfg = Release|Win32
		{055BEE7D-2A1E-45AE-B3D9-AFD4DB187599}.Release|Win32.Build.0 = Release|Win32
	EndGlobalSection
	GlobalSection(SolutionProperties) = preSolution
		HideSolutionNode = FALSE
	EndGlobalSection
EndGlobal
